
Microsoft Visual Studio Solution File, Format Version 12.00
# Visual Studio Version 16
VisualStudioVersion = 16.0.30621.155
MinimumVisualStudioVersion = 10.0.40219.1
Project("{FAE04EC0-301F-11D3-BF4B-00C04F79EFBC}") = "PSgenerator", "PSgenerator\PSgenerator.csproj", "{845CB42C-48BA-4EF9-B23C-35FF84CC63EE}"
EndProject
Global
	GlobalSection(SolutionConfigurationPlatforms) = preSolution
		Debug|Any CPU = Debug|Any CPU
		Release|Any CPU = Release|Any CPU
	EndGlobalSection
	GlobalSection(ProjectConfigurationPlatforms) = postSolution
		{845CB42C-48BA-4EF9-B23C-35FF84CC63EE}.Debug|Any CPU.ActiveCfg = Debug|Any CPU
		{845CB42C-48BA-4EF9-B23C-35FF84CC63EE}.Debug|Any CPU.Build.0 = Debug|Any CPU
		{845CB42C-48BA-4EF9-B23C-35FF84CC63EE}.Release|Any CPU.ActiveCfg = Release|Any CPU
		{845CB42C-48BA-4EF9-B23C-35FF84CC63EE}.Release|Any CPU.Build.0 = Release|Any CPU
	EndGlobalSection
	GlobalSection(SolutionProperties) = preSolution
		HideSolutionNode = FALSE
	EndGlobalSection
	GlobalSection(ExtensibilityGlobals) = postSolution
		SolutionGuid = {323E4520-FE90-4E52-8B14-218F0355696C}
	EndGlobalSection
EndGlobal
